PODS:
  - app_settings (6.1.2):
    - Flutter
  - audioplayers_darwin (0.0.1):
    - Flutter
  - device_info_plus (0.0.1):
    - Flutter
  - Flutter (1.0.0)
  - flutter_local_notifications (0.0.1):
    - Flutter
  - flutter_native_splash (2.4.3):
    - Flutter
  - Google-Mobile-Ads-SDK (12.2.0):
    - GoogleUserMessagingPlatform (>= 1.1)
  - google_mobile_ads (6.0.0):
    - Flutter
    - Google-Mobile-Ads-SDK (~> 12.2.0)
    - webview_flutter_wkwebview
  - GoogleUserMessagingPlatform (3.1.0)
  - vibration (3.0.0):
    - Flutter
  - webview_flutter_wkwebview (0.0.1):
    - Flutter
    - FlutterMacOS

DEPENDENCIES:
  - app_settings (from `.symlinks/plugins/app_settings/ios`)
  - audioplayers_darwin (from `.symlinks/plugins/audioplayers_darwin/ios`)
  - device_info_plus (from `.symlinks/plugins/device_info_plus/ios`)
  - Flutter (from `Flutter`)
  - flutter_local_notifications (from `.symlinks/plugins/flutter_local_notifications/ios`)
  - flutter_native_splash (from `.symlinks/plugins/flutter_native_splash/ios`)
  - google_mobile_ads (from `.symlinks/plugins/google_mobile_ads/ios`)
  - vibration (from `.symlinks/plugins/vibration/ios`)
  - webview_flutter_wkwebview (from `.symlinks/plugins/webview_flutter_wkwebview/darwin`)

SPEC REPOS:
  trunk:
    - Google-Mobile-Ads-SDK
    - GoogleUserMessagingPlatform

EXTERNAL SOURCES:
  app_settings:
    :path: ".symlinks/plugins/app_settings/ios"
  audioplayers_darwin:
    :path: ".symlinks/plugins/audioplayers_darwin/ios"
  device_info_plus:
    :path: ".symlinks/plugins/device_info_plus/ios"
  Flutter:
    :path: Flutter
  flutter_local_notifications:
    :path: ".symlinks/plugins/flutter_local_notifications/ios"
  flutter_native_splash:
    :path: ".symlinks/plugins/flutter_native_splash/ios"
  google_mobile_ads:
    :path: ".symlinks/plugins/google_mobile_ads/ios"
  vibration:
    :path: ".symlinks/plugins/vibration/ios"
  webview_flutter_wkwebview:
    :path: ".symlinks/plugins/webview_flutter_wkwebview/darwin"

SPEC CHECKSUMS:
  app_settings: 9217ccbe946aa9a3751b5459dcf50dabc87517b2
  audioplayers_darwin: 877d9a4d06331c5c374595e46e16453ac7eafa40
  device_info_plus: bf2e3232933866d73fe290f2942f2156cdd10342
  Flutter: cabc95a1d2626b1b06e7179b784ebcf0c0cde467
  flutter_local_notifications: ff50f8405aaa0ccdc7dcfb9022ca192e8ad9688f
  flutter_native_splash: df59bb2e1421aa0282cb2e95618af4dcb0c56c29
  Google-Mobile-Ads-SDK: 1dfb0c3cb46c7e2b00b0f4de74a1e06d9ea25d67
  google_mobile_ads: cab27248050510554aa646195eacc393ce7406ad
  GoogleUserMessagingPlatform: befe603da6501006420c206222acd449bba45a9c
  vibration: 8e4d81c3e73ab229a9fb5ab2692f789c4a46d74d
  webview_flutter_wkwebview: 29eb20d43355b48fe7d07113835b9128f84e3af4

PODFILE CHECKSUM: dff6fac58a7caafd6b90deea77801da47edb299b

COCOAPODS: 1.16.2
